Microsoft Visual Studio Solution File, Format Version 12.00
# Visual Studio Version 17
VisualStudioVersion = 17.5.2.0
MinimumVisualStudioVersion = 10.0.40219.1
Project("{FAE04EC0-301F-11D3-BF4B-00C04F79EFBC}") = "--use-program-main", "--use-program-main\--use-program-main.csproj", "{DA38D6A5-40CC-1D2B-6EAC-19D435B3857C}"
EndProject
Project("{FAE04EC0-301F-11D3-BF4B-00C04F79EFBC}") = "Lab1", "Lab1\Lab1.csproj", "{4C38379F-6B46-EF58-4F1F-EC66EF1F7497}"
EndProject
Project("{FAE04EC0-301F-11D3-BF4B-00C04F79EFBC}") = "Lab4", "Lab4\Lab4.csproj", "{467C188F-6A20-42EC-9854-F27596171420}"
EndProject
Project("{FAE04EC0-301F-11D3-BF4B-00C04F79EFBC}") = "Lab5", "Lab5\Lab5.csproj", "{2C5ED6A7-03EA-458F-9FDB-B103873A1965}"
EndProject
Project("{FAE04EC0-301F-11D3-BF4B-00C04F79EFBC}") = "Lab6", "Lab6\Lab6.csproj", "{C2DBF612-530C-4B0C-9B8C-890FDA84A0FB}"
EndProject
Project("{FAE04EC0-301F-11D3-BF4B-00C04F79EFBC}") = "Lab7", "Lab7\Lab7.csproj", "{18D45B60-970F-458B-8829-1C6E41F9A1FF}"
EndProject
Global
	GlobalSection(SolutionConfigurationPlatforms) = preSolution
		Debug|Any CPU = Debug|Any CPU
		Release|Any CPU = Release|Any CPU
	EndGlobalSection
	GlobalSection(ProjectConfigurationPlatforms) = postSolution
		{DA38D6A5-40CC-1D2B-6EAC-19D435B3857C}.Debug|Any CPU.ActiveCfg = Debug|Any CPU
		{DA38D6A5-40CC-1D2B-6EAC-19D435B3857C}.Debug|Any CPU.Build.0 = Debug|Any CPU
		{DA38D6A5-40CC-1D2B-6EAC-19D435B3857C}.Release|Any CPU.ActiveCfg = Release|Any CPU
		{DA38D6A5-40CC-1D2B-6EAC-19D435B3857C}.Release|Any CPU.Build.0 = Release|Any CPU
		{4C38379F-6B46-EF58-4F1F-EC66EF1F7497}.Debug|Any CPU.ActiveCfg = Debug|Any CPU
		{4C38379F-6B46-EF58-4F1F-EC66EF1F7497}.Debug|Any CPU.Build.0 = Debug|Any CPU
		{4C38379F-6B46-EF58-4F1F-EC66EF1F7497}.Release|Any CPU.ActiveCfg = Release|Any CPU
		{4C38379F-6B46-EF58-4F1F-EC66EF1F7497}.Release|Any CPU.Build.0 = Release|Any CPU
		{467C188F-6A20-42EC-9854-F27596171420}.Debug|Any CPU.ActiveCfg = Debug|Any CPU
		{467C188F-6A20-42EC-9854-F27596171420}.Debug|Any CPU.Build.0 = Debug|Any CPU
		{467C188F-6A20-42EC-9854-F27596171420}.Release|Any CPU.ActiveCfg = Release|Any CPU
		{467C188F-6A20-42EC-9854-F27596171420}.Release|Any CPU.Build.0 = Release|Any CPU
		{2C5ED6A7-03EA-458F-9FDB-B103873A1965}.Debug|Any CPU.ActiveCfg = Debug|Any CPU
		{2C5ED6A7-03EA-458F-9FDB-B103873A1965}.Debug|Any CPU.Build.0 = Debug|Any CPU
		{2C5ED6A7-03EA-458F-9FDB-B103873A1965}.Release|Any CPU.ActiveCfg = Release|Any CPU
		{2C5ED6A7-03EA-458F-9FDB-B103873A1965}.Release|Any CPU.Build.0 = Release|Any CPU
		{C2DBF612-530C-4B0C-9B8C-890FDA84A0FB}.Debug|Any CPU.ActiveCfg = Debug|Any CPU
		{C2DBF612-530C-4B0C-9B8C-890FDA84A0FB}.Debug|Any CPU.Build.0 = Debug|Any CPU
		{C2DBF612-530C-4B0C-9B8C-890FDA84A0FB}.Release|Any CPU.ActiveCfg = Release|Any CPU
		{C2DBF612-530C-4B0C-9B8C-890FDA84A0FB}.Release|Any CPU.Build.0 = Release|Any CPU
		{18D45B60-970F-458B-8829-1C6E41F9A1FF}.Debug|Any CPU.ActiveCfg = Debug|Any CPU
		{18D45B60-970F-458B-8829-1C6E41F9A1FF}.Debug|Any CPU.Build.0 = Debug|Any CPU
		{18D45B60-970F-458B-8829-1C6E41F9A1FF}.Release|Any CPU.ActiveCfg = Release|Any CPU
		{18D45B60-970F-458B-8829-1C6E41F9A1FF}.Release|Any CPU.Build.0 = Release|Any CPU
	EndGlobalSection
	GlobalSection(SolutionProperties) = preSolution
		HideSolutionNode = FALSE
	EndGlobalSection
	GlobalSection(ExtensibilityGlobals) = postSolution
		SolutionGuid = {3EBBC270-4EBD-4A2E-A83B-9E9E3F590274}
	EndGlobalSection
EndGlobal
